// !$*UTF8*$!
{
	archiveVersion = 1;
	classes = {
	};
	objectVersion = 50;
	objects = {

/* Begin PBXBuildFile section */
		9504D766225C918D007788C4 /* Data.swift in Sources */ = {isa = PBXBuildFile; fileRef = 9504D765225C918D007788C4 /* Data.swift */; };
		9504D768225C9515007788C4 /* CategoryTableViewController.swift in Sources */ = {isa = PBXBuildFile; fileRef = 9504D767225C9515007788C4 /* CategoryTableViewController.swift */; };
		95C34BFC225B0B6800E1178D /* AppDelegate.swift in Sources */ = {isa = PBXBuildFile; fileRef = 95C34BFB225B0B6800E1178D /* AppDelegate.swift */; };
		95C34BFE225B0B6800E1178D /* TodoListViewController.swift in Sources */ = {isa = PBXBuildFile; fileRef = 95C34BFD225B0B6800E1178D /* TodoListViewController.swift */; };
		95C34C01225B0B6800E1178D /* Main.storyboard in Resources */ = {isa = PBXBuildFile; fileRef = 95C34BFF225B0B6800E1178D /* Main.storyboard */; };
		95C34C03225B0B6A00E1178D /* Assets.xcassets in Resources */ = {isa = PBXBuildFile; fileRef = 95C34C02225B0B6A00E1178D /* Assets.xcassets */; };
		95C34C06225B0B6A00E1178D /* LaunchScreen.storyboard in Resources */ = {isa = PBXBuildFile; fileRef = 95C34C04225B0B6A00E1178D /* LaunchScreen.storyboard */; };
		95FC67B1225B8ACD004344C7 /* DataModel.xcdatamodeld in Sources */ = {isa = PBXBuildFile; fileRef = 95FC67AF225B8ACD004344C7 /* DataModel.xcdatamodeld */; };
		B7746794B56FD7BBBE6B29B3 /* Pods_Todoey.framework in Frameworks */ = {isa = PBXBuildFile; fileRef = D92573F9D2FAD7BBBEEB8A2D /* Pods_Todoey.framework */; };
/* End PBXBuildFile section */

/* Begin PBXFileReference section */
		3B96BA57734677DF9EA1113B /* Pods-Todoey.debug.xcconfig */ = {isa = PBXFileReference; includeInIndex = 1; lastKnownFileType = text.xcconfig; name = "Pods-Todoey.debug.xcconfig"; path = "Target Support Files/Pods-Todoey/Pods-Todoey.debug.xcconfig"; sourceTree = "<group>"; };
		9504D765225C918D007788C4 /* Data.swift */ = {isa = PBXFileReference; lastKnownFileType = sourcecode.swift; path = Data.swift; sourceTree = "<group>"; };
		9504D767225C9515007788C4 /* CategoryTableViewController.swift */ = {isa = PBXFileReference; lastKnownFileType = sourcecode.swift; path = CategoryTableViewController.swift; sourceTree = "<group>"; };
		95C34BF8225B0B6800E1178D /* Todoey.app */ = {isa = PBXFileReference; explicitFileType = wrapper.application; includeInIndex = 0; path = Todoey.app; sourceTree = BUILT_PRODUCTS_DIR; };
		95C34BFB225B0B6800E1178D /* AppDelegate.swift */ = {isa = PBXFileReference; lastKnownFileType = sourcecode.swift; path = AppDelegate.swift; sourceTree = "<group>"; };
		95C34BFD225B0B6800E1178D /* TodoListViewController.swift */ = {isa = PBXFileReference; lastKnownFileType = sourcecode.swift; path = TodoListViewController.swift; sourceTree = "<group>"; };
		95C34C00225B0B6800E1178D /* Base */ = {isa = PBXFileReference; lastKnownFileType = file.storyboard; name = Base; path = Base.lproj/Main.storyboard; sourceTree = "<group>"; };
		95C34C02225B0B6A00E1178D /* Assets.xcassets */ = {isa = PBXFileReference; lastKnownFileType = folder.assetcatalog; path = Assets.xcassets; sourceTree = "<group>"; };
		95C34C05225B0B6A00E1178D /* Base */ = {isa = PBXFileReference; lastKnownFileType = file.storyboard; name = Base; path = Base.lproj/LaunchScreen.storyboard; sourceTree = "<group>"; };
		95C34C07225B0B6A00E1178D /* Info.plist */ = {isa = PBXFileReference; lastKnownFileType = text.plist.xml; path = Info.plist; sourceTree = "<group>"; };
		95FC67B0225B8ACD004344C7 /* DataModel.xcdatamodel */ = {isa = PBXFileReference; lastKnownFileType = wrapper.xcdatamodel; path = DataModel.xcdatamodel; sourceTree = "<group>"; };
		D92573F9D2FAD7BBBEEB8A2D /* Pods_Todoey.framework */ = {isa = PBXFileReference; explicitFileType = wrapper.framework; includeInIndex = 0; path = Pods_Todoey.framework; sourceTree = BUILT_PRODUCTS_DIR; };
		E416331F85AA8611DE08D08D /* Pods-Todoey.release.xcconfig */ = {isa = PBXFileReference; includeInIndex = 1; lastKnownFileType = text.xcconfig; name = "Pods-Todoey.release.xcconfig"; path = "Target Support Files/Pods-Todoey/Pods-Todoey.release.xcconfig"; sourceTree = "<group>"; };
/* End PBXFileReference section */

/* Begin PBXFrameworksBuildPhase section */
		95C34BF5225B0B6800E1178D /* Frameworks */ = {
			isa = PBXFrameworksBuildPhase;
			buildActionMask = 2147483647;
			files = (
				B7746794B56FD7BBBE6B29B3 /* Pods_Todoey.framework in Frameworks */,
			);
			runOnlyForDeploymentPostprocessing = 0;
		};
/* End PBXFrameworksBuildPhase section */

/* Begin PBXGroup section */
		95915DB5225B4122005F6C52 /* Data Model */ = {
			isa = PBXGroup;
			children = (
				95FC67AF225B8ACD004344C7 /* DataModel.xcdatamodeld */,
				9504D765225C918D007788C4 /* Data.swift */,
			);
			path = "Data Model";
			sourceTree = "<group>";
		};
		95915DB6225B412E005F6C52 /* Controllers */ = {
			isa = PBXGroup;
			children = (
				9504D767225C9515007788C4 /* CategoryTableViewController.swift */,
				95C34BFD225B0B6800E1178D /* TodoListViewController.swift */,
			);
			path = Controllers;
			sourceTree = "<group>";
		};
		95915DB7225B413A005F6C52 /* Views */ = {
			isa = PBXGroup;
			children = (
				95C34BFF225B0B6800E1178D /* Main.storyboard */,
			);
			path = Views;
			sourceTree = "<group>";
		};
		95915DB8225B414B005F6C52 /* Supporting files */ = {
			isa = PBXGroup;
			children = (
				95C34C02225B0B6A00E1178D /* Assets.xcassets */,
				95C34C04225B0B6A00E1178D /* LaunchScreen.storyboard */,
			);
			path = "Supporting files";
			sourceTree = "<group>";
		};
		95C34BEF225B0B6800E1178D = {
			isa = PBXGroup;
			children = (
				95C34BFA225B0B6800E1178D /* Todoey */,
				95C34BF9225B0B6800E1178D /* Products */,
				C7B4CA286DD7D820985862AB /* Pods */,
				9E2AA3F77F329E1882CC9419 /* Frameworks */,
			);
			sourceTree = "<group>";
		};
		95C34BF9225B0B6800E1178D /* Products */ = {
			isa = PBXGroup;
			children = (
				95C34BF8225B0B6800E1178D /* Todoey.app */,
			);
			name = Products;
			sourceTree = "<group>";
		};
		95C34BFA225B0B6800E1178D /* Todoey */ = {
			isa = PBXGroup;
			children = (
				95C34BFB225B0B6800E1178D /* AppDelegate.swift */,
				95915DB6225B412E005F6C52 /* Controllers */,
				95915DB5225B4122005F6C52 /* Data Model */,
				95915DB7225B413A005F6C52 /* Views */,
				95915DB8225B414B005F6C52 /* Supporting files */,
				95C34C07225B0B6A00E1178D /* Info.plist */,
			);
			path = Todoey;
			sourceTree = "<group>";
		};
		9E2AA3F77F329E1882CC9419 /* Frameworks */ = {
			isa = PBXGroup;
			children = (
				D92573F9D2FAD7BBBEEB8A2D /* Pods_Todoey.framework */,
			);
			name = Frameworks;
			sourceTree = "<group>";
		};
		C7B4CA286DD7D820985862AB /* Pods */ = {
			isa = PBXGroup;
			children = (
				3B96BA57734677DF9EA1113B /* Pods-Todoey.debug.xcconfig */,
				E416331F85AA8611DE08D08D /* Pods-Todoey.release.xcconfig */,
			);
			path = Pods;
			sourceTree = "<group>";
		};
/* End PBXGroup section */

/* Begin PBXNativeTarget section */
		95C34BF7225B0B6800E1178D /* Todoey */ = {
			isa = PBXNativeTarget;
			buildConfigurationList = 95C34C0A225B0B6A00E1178D /* Build configuration list for PBXNativeTarget "Todoey" */;
			buildPhases = (
				8279B4CD23F9E1AB8D71B8C5 /* [CP] Check Pods Manifest.lock */,
				95C34BF4225B0B6800E1178D /* Sources */,
				95C34BF5225B0B6800E1178D /* Frameworks */,
				95C34BF6225B0B6800E1178D /* Resources */,
				1602EF27A5FC3134EDC3CA99 /* [CP] Embed Pods Frameworks */,
			);
			buildRules = (
			);
			dependencies = (
			);
			name = Todoey;
			productName = Todoey;
			productReference = 95C34BF8225B0B6800E1178D /* Todoey.app */;
			productType = "com.apple.product-type.application";
		};
/* End PBXNativeTarget section */

/* Begin PBXProject section */
		95C34BF0225B0B6800E1178D /* Project object */ = {
			isa = PBXProject;
			attributes = {
				LastSwiftUpdateCheck = 1020;
				LastUpgradeCheck = 1020;
				ORGANIZATIONNAME = "Le Trung";
				TargetAttributes = {
					95C34BF7225B0B6800E1178D = {
						CreatedOnToolsVersion = 10.2;
					};
				};
			};
			buildConfigurationList = 95C34BF3225B0B6800E1178D /* Build configuration list for PBXProject "Todoey" */;
			compatibilityVersion = "Xcode 9.3";
			developmentRegion = en;
			hasScannedForEncodings = 0;
			knownRegions = (
				en,
				Base,
			);
			mainGroup = 95C34BEF225B0B6800E1178D;
			productRefGroup = 95C34BF9225B0B6800E1178D /* Products */;
			projectDirPath = "";
			projectRoot = "";
			targets = (
				95C34BF7225B0B6800E1178D /* Todoey */,
			);
		};
/* End PBXProject section */

/* Begin PBXResourcesBuildPhase section */
		95C34BF6225B0B6800E1178D /* Resources */ = {
			isa = PBXResourcesBuildPhase;
			buildActionMask = 2147483647;
			files = (
				95C34C06225B0B6A00E1178D /* LaunchScreen.storyboard in Resources */,
				95C34C03225B0B6A00E1178D /* Assets.xcassets in Resources */,
				95C34C01225B0B6800E1178D /* Main.storyboard in Resources */,
			);
			runOnlyForDeploymentPostprocessing = 0;
		};
/* End PBXResourcesBuildPhase section */

/* Begin PBXShellScriptBuildPhase section */
		1602EF27A5FC3134EDC3CA99 /* [CP] Embed Pods Frameworks */ = {
			isa = PBXShellScriptBuildPhase;
			buildActionMask = 2147483647;
			files = (
			);
			inputFileListPaths = (
			);
			inputPaths = (
				"${PODS_ROOT}/Target Support Files/Pods-Todoey/Pods-Todoey-frameworks.sh",
				"${BUILT_PRODUCTS_DIR}/Realm/Realm.framework",
				"${BUILT_PRODUCTS_DIR}/RealmSwift/RealmSwift.framework",
			);
			name = "[CP] Embed Pods Frameworks";
			outputFileListPaths = (
			);
			outputPaths = (
				"${TARGET_BUILD_DIR}/${FRAMEWORKS_FOLDER_PATH}/Realm.framework",
				"${TARGET_BUILD_DIR}/${FRAMEWORKS_FOLDER_PATH}/RealmSwift.framework",
			);
			runOnlyForDeploymentPostprocessing = 0;
			shellPath = /bin/sh;
			shellScript = "\"${PODS_ROOT}/Target Support Files/Pods-Todoey/Pods-Todoey-frameworks.sh\"\n";
			showEnvVarsInLog = 0;
		};
		8279B4CD23F9E1AB8D71B8C5 /* [CP] Check Pods Manifest.lock */ = {
			isa = PBXShellScriptBuildPhase;
			buildActionMask = 2147483647;
			files = (
			);
			inputFileListPaths = (
			);
			inputPaths = (
				"${PODS_PODFILE_DIR_PATH}/Podfile.lock",
				"${PODS_ROOT}/Manifest.lock",
			);
			name = "[CP] Check Pods Manifest.lock";
			outputFileListPaths = (
			);
			outputPaths = (
				"$(DERIVED_FILE_DIR)/Pods-Todoey-checkManifestLockResult.txt",
			);
			runOnlyForDeploymentPostprocessing = 0;
			shellPath = /bin/sh;
			shellScript = "diff \"${PODS_PODFILE_DIR_PATH}/Podfile.lock\" \"${PODS_ROOT}/Manifest.lock\" > /dev/null\nif [ $? != 0 ] ; then\n    # print error to STDERR\n    echo \"error: The sandbox is not in sync with the Podfile.lock. Run 'pod install' or update your CocoaPods installation.\" >&2\n    exit 1\nfi\n# This output is used by Xcode 'outputs' to avoid re-running this script phase.\necho \"SUCCESS\" > \"${SCRIPT_OUTPUT_FILE_0}\"\n";
			showEnvVarsInLog = 0;
		};
/* End PBXShellScriptBuildPhase section */

/* Begin PBXSourcesBuildPhase section */
		95C34BF4225B0B6800E1178D /* Sources */ = {
			isa = PBXSourcesBuildPhase;
			buildActionMask = 2147483647;
			files = (
				95C34BFE225B0B6800E1178D /* TodoListViewController.swift in Sources */,
				95FC67B1225B8ACD004344C7 /* DataModel.xcdatamodeld in Sources */,
				9504D768225C9515007788C4 /* CategoryTableViewController.swift in Sources */,
				95C34BFC225B0B6800E1178D /* AppDelegate.swift in Sources */,
				9504D766225C918D007788C4 /* Data.swift in Sources */,
			);
			runOnlyForDeploymentPostprocessing = 0;
		};
/* End PBXSourcesBuildPhase section */

/* Begin PBXVariantGroup section */
		95C34BFF225B0B6800E1178D /* Main.storyboard */ = {
			isa = PBXVariantGroup;
			children = (
				95C34C00225B0B6800E1178D /* Base */,
			);
			name = Main.storyboard;
			sourceTree = "<group>";
		};
		95C34C04225B0B6A00E1178D /* LaunchScreen.storyboard */ = {
			isa = PBXVariantGroup;
			children = (
				95C34C05225B0B6A00E1178D /* Base */,
			);
			name = LaunchScreen.storyboard;
			sourceTree = "<group>";
		};
/* End PBXVariantGroup section */

/* Begin XCBuildConfiguration section */
		95C34C08225B0B6A00E1178D /* Debug */ = {
			isa = XCBuildConfiguration;
			buildSettings = {
				ALWAYS_SEARCH_USER_PATHS = NO;
				CLANG_ANALYZER_NONNULL = YES;
				CLANG_ANALYZER_NUMBER_OBJECT_CONVERSION = YES_AGGRESSIVE;
				CLANG_CXX_LANGUAGE_STANDARD = "gnu++14";
				CLANG_CXX_LIBRARY = "libc++";
				CLANG_ENABLE_MODULES = YES;
				CLANG_ENABLE_OBJC_ARC = YES;
				CLANG_ENABLE_OBJC_WEAK = YES;
				CLANG_WARN_BLOCK_CAPTURE_AUTORELEASING = YES;
				CLANG_WARN_BOOL_CONVERSION = YES;
				CLANG_WARN_COMMA = YES;
				CLANG_WARN_CONSTANT_CONVERSION = YES;
				CLANG_WARN_DEPRECATED_OBJC_IMPLEMENTATIONS = YES;
				CLANG_WARN_DIRECT_OBJC_ISA_USAGE = YES_ERROR;
				CLANG_WARN_DOCUMENTATION_COMMENTS = YES;
				CLANG_WARN_EMPTY_BODY = YES;
				CLANG_WARN_ENUM_CONVERSION = YES;
				CLANG_WARN_INFINITE_RECURSION = YES;
				CLANG_WARN_INT_CONVERSION = YES;
				CLANG_WARN_NON_LITERAL_NULL_CONVERSION = YES;
				CLANG_WARN_OBJC_IMPLICIT_RETAIN_SELF = YES;
				CLANG_WARN_OBJC_LITERAL_CONVERSION = YES;
				CLANG_WARN_OBJC_ROOT_CLASS = YES_ERROR;
				CLANG_WARN_RANGE_LOOP_ANALYSIS = YES;
				CLANG_WARN_STRICT_PROTOTYPES = YES;
				CLANG_WARN_SUSPICIOUS_MOVE = YES;
				CLANG_WARN_UNGUARDED_AVAILABILITY = YES_AGGRESSIVE;
				CLANG_WARN_UNREACHABLE_CODE = YES;
				CLANG_WARN__DUPLICATE_METHOD_MATCH = YES;
				CODE_SIGN_IDENTITY = "iPhone Developer";
				COPY_PHASE_STRIP = NO;
				DEBUG_INFORMATION_FORMAT = dwarf;
				ENABLE_STRICT_OBJC_MSGSEND = YES;
				ENABLE_TESTABILITY = YES;
				GCC_C_LANGUAGE_STANDARD = gnu11;
				GCC_DYNAMIC_NO_PIC = NO;
				GCC_NO_COMMON_BLOCKS = YES;
				GCC_OPTIMIZATION_LEVEL = 0;
				GCC_PREPROCESSOR_DEFINITIONS = (
					"DEBUG=1",
					"$(inherited)",
				);
				GCC_WARN_64_TO_32_BIT_CONVERSION = YES;
				GCC_WARN_ABOUT_RETURN_TYPE = YES_ERROR;
				GCC_WARN_UNDECLARED_SELECTOR = YES;
				GCC_WARN_UNINITIALIZED_AUTOS = YES_AGGRESSIVE;
				GCC_WARN_UNUSED_FUNCTION = YES;
				GCC_WARN_UNUSED_VARIABLE = YES;
				IPHONEOS_DEPLOYMENT_TARGET = 12.2;
				MTL_ENABLE_DEBUG_INFO = INCLUDE_SOURCE;
				MTL_FAST_MATH = YES;
				ONLY_ACTIVE_ARCH = YES;
				SDKROOT = iphoneos;
				SWIFT_ACTIVE_COMPILATION_CONDITIONS = DEBUG;
				SWIFT_OPTIMIZATION_LEVEL = "-Onone";
			};
			name = Debug;
		};
		95C34C09225B0B6A00E1178D /* Release */ = {
			isa = XCBuildConfiguration;
			buildSettings = {
				ALWAYS_SEARCH_USER_PATHS = NO;
				CLANG_ANALYZER_NONNULL = YES;
				CLANG_ANALYZER_NUMBER_OBJECT_CONVERSION = YES_AGGRESSIVE;
				CLANG_CXX_LANGUAGE_STANDARD = "gnu++14";
				CLANG_CXX_LIBRARY = "libc++";
				CLANG_ENABLE_MODULES = YES;
				CLANG_ENABLE_OBJC_ARC = YES;
				CLANG_ENABLE_OBJC_WEAK = YES;
				CLANG_WARN_BLOCK_CAPTURE_AUTORELEASING = YES;
				CLANG_WARN_BOOL_CONVERSION = YES;
				CLANG_WARN_COMMA = YES;
				CLANG_WARN_CONSTANT_CONVERSION = YES;
				CLANG_WARN_DEPRECATED_OBJC_IMPLEMENTATIONS = YES;
				CLANG_WARN_DIRECT_OBJC_ISA_USAGE = YES_ERROR;
				CLANG_WARN_DOCUMENTATION_COMMENTS = YES;
				CLANG_WARN_EMPTY_BODY = YES;
				CLANG_WARN_ENUM_CONVERSION = YES;
				CLANG_WARN_INFINITE_RECURSION = YES;
				CLANG_WARN_INT_CONVERSION = YES;
				CLANG_WARN_NON_LITERAL_NULL_CONVERSION = YES;
				CLANG_WARN_OBJC_IMPLICIT_RETAIN_SELF = YES;
				CLANG_WARN_OBJC_LITERAL_CONVERSION = YES;
				CLANG_WARN_OBJC_ROOT_CLASS = YES_ERROR;
				CLANG_WARN_RANGE_LOOP_ANALYSIS = YES;
				CLANG_WARN_STRICT_PROTOTYPES = YES;
				CLANG_WARN_SUSPICIOUS_MOVE = YES;
				CLANG_WARN_UNGUARDED_AVAILABILITY = YES_AGGRESSIVE;
				CLANG_WARN_UNREACHABLE_CODE = YES;
				CLANG_WARN__DUPLICATE_METHOD_MATCH = YES;
				CODE_SIGN_IDENTITY = "iPhone Developer";
				COPY_PHASE_STRIP = NO;
				DEBUG_INFORMATION_FORMAT = "dwarf-with-dsym";
				ENABLE_NS_ASSERTIONS = NO;
				ENABLE_STRICT_OBJC_MSGSEND = YES;
				GCC_C_LANGUAGE_STANDARD = gnu11;
				GCC_NO_COMMON_BLOCKS = YES;
				GCC_WARN_64_TO_32_BIT_CONVERSION = YES;
				GCC_WARN_ABOUT_RETURN_TYPE = YES_ERROR;
				GCC_WARN_UNDECLARED_SELECTOR = YES;
				GCC_WARN_UNINITIALIZED_AUTOS = YES_AGGRESSIVE;
				GCC_WARN_UNUSED_FUNCTION = YES;
				GCC_WARN_UNUSED_VARIABLE = YES;
				IPHONEOS_DEPLOYMENT_TARGET = 12.2;
				MTL_ENABLE_DEBUG_INFO = NO;
				MTL_FAST_MATH = YES;
				SDKROOT = iphoneos;
				SWIFT_COMPILATION_MODE = wholemodule;
				SWIFT_OPTIMIZATION_LEVEL = "-O";
				VALIDATE_PRODUCT = YES;
			};
			name = Release;
		};
		95C34C0B225B0B6A00E1178D /* Debug */ = {
			isa = XCBuildConfiguration;
			baseConfigurationReference = 3B96BA57734677DF9EA1113B /* Pods-Todoey.debug.xcconfig */;
			buildSettings = {
				ASSETCATALOG_COMPILER_APPICON_NAME = AppIcon;
				CODE_SIGN_STYLE = Automatic;
				INFOPLIST_FILE = Todoey/Info.plist;
				LD_RUNPATH_SEARCH_PATHS = (
					"$(inherited)",
					"@executable_path/Frameworks",
				);
				PRODUCT_BUNDLE_IDENTIFIER = com.Trungle95.Todoey;
				PRODUCT_NAME = "$(TARGET_NAME)";
				SWIFT_VERSION = 5.0;
				TARGETED_DEVICE_FAMILY = "1,2";
			};
			name = Debug;
		};
		95C34C0C225B0B6A00E1178D /* Release */ = {
			isa = XCBuildConfiguration;
			baseConfigurationReference = E416331F85AA8611DE08D08D /* Pods-Todoey.release.xcconfig */;
			buildSettings = {
				ASSETCATALOG_COMPILER_APPICON_NAME = AppIcon;
				CODE_SIGN_STYLE = Automatic;
				INFOPLIST_FILE = Todoey/Info.plist;
				LD_RUNPATH_SEARCH_PATHS = (
					"$(inherited)",
					"@executable_path/Frameworks",
				);
				PRODUCT_BUNDLE_IDENTIFIER = com.Trungle95.Todoey;
				PRODUCT_NAME = "$(TARGET_NAME)";
				SWIFT_VERSION = 5.0;
				TARGETED_DEVICE_FAMILY = "1,2";
			};
			name = Release;
		};
/* End XCBuildConfiguration section */

/* Begin XCConfigurationList section */
		95C34BF3225B0B6800E1178D /* Build configuration list for PBXProject "Todoey" */ = {
			isa = XCConfigurationList;
			buildConfigurations = (
				95C34C08225B0B6A00E1178D /* Debug */,
				95C34C09225B0B6A00E1178D /* Release */,
			);
			defaultConfigurationIsVisible = 0;
			defaultConfigurationName = Release;
		};
		95C34C0A225B0B6A00E1178D /* Build configuration list for PBXNativeTarget "Todoey" */ = {
			isa = XCConfigurationList;
			buildConfigurations = (
				95C34C0B225B0B6A00E1178D /* Debug */,
				95C34C0C225B0B6A00E1178D /* Release */,
			);
			defaultConfigurationIsVisible = 0;
			defaultConfigurationName = Release;
		};
/* End XCConfigurationList section */

/* Begin XCVersionGroup section */
		95FC67AF225B8ACD004344C7 /* DataModel.xcdatamodeld */ = {
			isa = XCVersionGroup;
			children = (
				95FC67B0225B8ACD004344C7 /* DataModel.xcdatamodel */,
			);
			currentVersion = 95FC67B0225B8ACD004344C7 /* DataModel.xcdatamodel */;
			path = DataModel.xcdatamodeld;
			sourceTree = "<group>";
			versionGroupType = wrapper.xcdatamodel;
		};
/* End XCVersionGroup section */
	};
	rootObject = 95C34BF0225B0B6800E1178D /* Project object */;
}
